
Microsoft Visual Studio Solution File, Format Version 12.00
# Visual Studio 2013
VisualStudioVersion = 12.0.31101.0
MinimumVisualStudioVersion = 10.0.40219.1
Project("{FAE04EC0-301F-11D3-BF4B-00C04F79EFBC}") = "DTO", "DTO\DTO.csproj", "{38A514C5-B9D2-4D2F-B049-4B825FE9CA30}"
EndProject
Project("{FAE04EC0-301F-11D3-BF4B-00C04F79EFBC}") = "DAT", "DAT\DAT.csproj", "{73DE1049-3767-4435-BF21-028E8767AFD7}"
EndProject
Project("{FAE04EC0-301F-11D3-BF4B-00C04F79EFBC}") = "BUS", "BUS\BUS.csproj", "{95D6D90E-581B-45EC-B5A4-E72E46B2F1E3}"
EndProject
Project("{FAE04EC0-301F-11D3-BF4B-00C04F79EFBC}") = "GUI", "GUI\GUI.csproj", "{40CB3499-1BBB-4EF6-A2D2-E96CD0167A30}"
EndProject
Global
	GlobalSection(SolutionConfigurationPlatforms) = preSolution
		CD_ROM|Any CPU = CD_ROM|Any CPU
		Debug|Any CPU = Debug|Any CPU
		DVD-5|Any CPU = DVD-5|Any CPU
		Release|Any CPU = Release|Any CPU
		SingleImage|Any CPU = SingleImage|Any CPU
	EndGlobalSection
	GlobalSection(ProjectConfigurationPlatforms) = postSolution
		{38A514C5-B9D2-4D2F-B049-4B825FE9CA30}.CD_ROM|Any CPU.ActiveCfg = Release|Any CPU
		{38A514C5-B9D2-4D2F-B049-4B825FE9CA30}.CD_ROM|Any CPU.Build.0 = Release|Any CPU
		{38A514C5-B9D2-4D2F-B049-4B825FE9CA30}.Debug|Any CPU.ActiveCfg = Debug|Any CPU
		{38A514C5-B9D2-4D2F-B049-4B825FE9CA30}.Debug|Any CPU.Build.0 = Debug|Any CPU
		{38A514C5-B9D2-4D2F-B049-4B825FE9CA30}.DVD-5|Any CPU.ActiveCfg = Debug|Any CPU
		{38A514C5-B9D2-4D2F-B049-4B825FE9CA30}.DVD-5|Any CPU.Build.0 = Debug|Any CPU
		{38A514C5-B9D2-4D2F-B049-4B825FE9CA30}.Release|Any CPU.ActiveCfg = Release|Any CPU
		{38A514C5-B9D2-4D2F-B049-4B825FE9CA30}.Release|Any CPU.Build.0 = Release|Any CPU
		{38A514C5-B9D2-4D2F-B049-4B825FE9CA30}.SingleImage|Any CPU.ActiveCfg = Release|Any CPU
		{38A514C5-B9D2-4D2F-B049-4B825FE9CA30}.SingleImage|Any CPU.Build.0 = Release|Any CPU
		{73DE1049-3767-4435-BF21-028E8767AFD7}.CD_ROM|Any CPU.ActiveCfg = Release|Any CPU
		{73DE1049-3767-4435-BF21-028E8767AFD7}.CD_ROM|Any CPU.Build.0 = Release|Any CPU
		{73DE1049-3767-4435-BF21-028E8767AFD7}.Debug|Any CPU.ActiveCfg = Debug|Any CPU
		{73DE1049-3767-4435-BF21-028E8767AFD7}.Debug|Any CPU.Build.0 = Debug|Any CPU
		{73DE1049-3767-4435-BF21-028E8767AFD7}.DVD-5|Any CPU.ActiveCfg = Debug|Any CPU
		{73DE1049-3767-4435-BF21-028E8767AFD7}.DVD-5|Any CPU.Build.0 = Debug|Any CPU
		{73DE1049-3767-4435-BF21-028E8767AFD7}.Release|Any CPU.ActiveCfg = Release|Any CPU
		{73DE1049-3767-4435-BF21-028E8767AFD7}.Release|Any CPU.Build.0 = Release|Any CPU
		{73DE1049-3767-4435-BF21-028E8767AFD7}.SingleImage|Any CPU.ActiveCfg = Release|Any CPU
		{73DE1049-3767-4435-BF21-028E8767AFD7}.SingleImage|Any CPU.Build.0 = Release|Any CPU
		{95D6D90E-581B-45EC-B5A4-E72E46B2F1E3}.CD_ROM|Any CPU.ActiveCfg = Release|Any CPU
		{95D6D90E-581B-45EC-B5A4-E72E46B2F1E3}.CD_ROM|Any CPU.Build.0 = Release|Any CPU
		{95D6D90E-581B-45EC-B5A4-E72E46B2F1E3}.Debug|Any CPU.ActiveCfg = Debug|Any CPU
		{95D6D90E-581B-45EC-B5A4-E72E46B2F1E3}.Debug|Any CPU.Build.0 = Debug|Any CPU
		{95D6D90E-581B-45EC-B5A4-E72E46B2F1E3}.DVD-5|Any CPU.ActiveCfg = Debug|Any CPU
		{95D6D90E-581B-45EC-B5A4-E72E46B2F1E3}.DVD-5|Any CPU.Build.0 = Debug|Any CPU
		{95D6D90E-581B-45EC-B5A4-E72E46B2F1E3}.Release|Any CPU.ActiveCfg = Release|Any CPU
		{95D6D90E-581B-45EC-B5A4-E72E46B2F1E3}.Release|Any CPU.Build.0 = Release|Any CPU
		{95D6D90E-581B-45EC-B5A4-E72E46B2F1E3}.SingleImage|Any CPU.ActiveCfg = Release|Any CPU
		{95D6D90E-581B-45EC-B5A4-E72E46B2F1E3}.SingleImage|Any CPU.Build.0 = Release|Any CPU
		{40CB3499-1BBB-4EF6-A2D2-E96CD0167A30}.CD_ROM|Any CPU.ActiveCfg = Release|Any CPU
		{40CB3499-1BBB-4EF6-A2D2-E96CD0167A30}.CD_ROM|Any CPU.Build.0 = Release|Any CPU
		{40CB3499-1BBB-4EF6-A2D2-E96CD0167A30}.Debug|Any CPU.ActiveCfg = Debug|Any CPU
		{40CB3499-1BBB-4EF6-A2D2-E96CD0167A30}.Debug|Any CPU.Build.0 = Debug|Any CPU
		{40CB3499-1BBB-4EF6-A2D2-E96CD0167A30}.DVD-5|Any CPU.ActiveCfg = Debug|Any CPU
		{40CB3499-1BBB-4EF6-A2D2-E96CD0167A30}.DVD-5|Any CPU.Build.0 = Debug|Any CPU
		{40CB3499-1BBB-4EF6-A2D2-E96CD0167A30}.Release|Any CPU.ActiveCfg = Release|Any CPU
		{40CB3499-1BBB-4EF6-A2D2-E96CD0167A30}.Release|Any CPU.Build.0 = Release|Any CPU
		{40CB3499-1BBB-4EF6-A2D2-E96CD0167A30}.SingleImage|Any CPU.ActiveCfg = Release|Any CPU
		{40CB3499-1BBB-4EF6-A2D2-E96CD0167A30}.SingleImage|Any CPU.Build.0 = Release|Any CPU
	EndGlobalSection
	GlobalSection(SolutionProperties) = preSolution
		HideSolutionNode = FALSE
	EndGlobalSection
EndGlobal
